{
  "name": "app",
  "version": "1.0.0",
  "lockfileVersion": 1,
  "requires": true,
  "dependencies": {
    "@petrovickg/date-util": {
      "version": "1.0.3",
      "resolved": "https://registry.npmjs.org/@petrovickg/date-util/-/date-util-1.0.3.tgz",
      "integrity": "sha512-GI7DwuJhytHGaF9FiYHH3t2eljqzikOTN5k0qPQGvqSCl8WWz1vPUR9MTFqyrhURUK+lkDdIKIXHGUDs6TUj5A==",
      "requires": {
        "@petrovickg/string-util": "^1.0.0"
      }
    },
    "@petrovickg/string-util": {
      "version": "1.0.0",
      "resolved": "https://registry.npmjs.org/@petrovickg/string-util/-/string-util-1.0.0.tgz",
      "integrity": "sha512-C5dRzMs6IhnDIvDGDEc3L2g6MXkjrAgchd7DEiNbNJFGA+63Z+RXS+pvf//v0xjTYguEa/KcyMbW6adEYBDpUw=="
    }
  }
}
