{
  "name": "myapp",
  "version": "1.0.0",
  "lockfileVersion": 2,
  "requires": true,
  "packages": {
    "": {
      "version": "1.0.0",
      "license": "ISC",
      "dependencies": {
        "@petrovickg/fluentsql": "~1.0.0"
      }
    },
    "node_modules/@petrovickg/fluentsql": {
      "version": "1.0.1",
      "resolved": "https://registry.npmjs.org/@petrovickg/fluentsql/-/fluentsql-1.0.1.tgz",
      "integrity": "sha512-riQwNTfGVTLZLUokJ9h6m/OL9AE9PUwHTXQdrcIfh4TP5Fe+eiMq78SiVj0sNtwtlJACGVcmXrBojSY0d1KZRw=="
    }
  },
  "dependencies": {
    "@petrovickg/fluentsql": {
      "version": "1.0.1",
      "resolved": "https://registry.npmjs.org/@petrovickg/fluentsql/-/fluentsql-1.0.1.tgz",
      "integrity": "sha512-riQwNTfGVTLZLUokJ9h6m/OL9AE9PUwHTXQdrcIfh4TP5Fe+eiMq78SiVj0sNtwtlJACGVcmXrBojSY0d1KZRw=="
    }
  }
}
